[[package]]
name = "numpy"
version = "1.22.3"
description = "NumPy is the fundamental package for array computing with Python."
category = "main"
optional = false
python-versions = ">=3.8"

[[package]]
name = "pandas"
version = "1.4.2"
description = "Powerful data structures for data analysis, time series, and statistics"
category = "main"
optional = false
python-versions = ">=3.8"

[package.dependencies]
numpy = [
    {version = ">=1.18.5", markers = "platform_machine != \"aarch64\" and platform_machine != \"arm64\" and python_version < \"3.10\""},
    {version = ">=1.19.2", markers = "platform_machine == \"aarch64\" and python_version < \"3.10\""},
    {version = ">=1.20.0", markers = "platform_machine == \"arm64\" and python_version < \"3.10\""},
    {version = ">=1.21.0", markers = "python_version >= \"3.10\""},
]
python-dateutil = ">=2.8.1"
pytz = ">=2020.1"

[package.extras]
test = ["hypothesis (>=5.5.3)", "pytest (>=6.0)", "pytest-xdist (>=1.31)"]

[[package]]
name = "py4j"
version = "0.10.9.3"
description = "Enables Python programs to dynamically access arbitrary Java objects"
category = "main"
optional = false
python-versions = "*"

[[package]]
name = "pyarrow"
version = "4.0.1"
description = "Python library for Apache Arrow"
category = "main"
optional = false
python-versions = ">=3.6"

[package.dependencies]
numpy = ">=1.16.6"

[[package]]
name = "pyspark"
version = "3.2.1"
description = "Apache Spark Python API"
category = "main"
optional = false
python-versions = ">=3.6"

[package.dependencies]
py4j = "0.10.9.3"

[package.extras]
ml = ["numpy (>=1.7)"]
mllib = ["numpy (>=1.7)"]
pandas_on_spark = ["numpy (>=1.14)", "pandas (>=0.23.2)", "pyarrow (>=1.0.0)"]
sql = ["pandas (>=0.23.2)", "pyarrow (>=1.0.0)"]

[[package]]
name = "python-dateutil"
version = "2.8.2"
description = "Extensions to the standard Python datetime module"
category = "main"
optional = false
python-versions = "!=3.0.*,!=3.1.*,!=3.2.*,>=2.7"

[package.dependencies]
six = ">=1.5"

[[package]]
name = "pytz"
version = "2022.1"
description = "World timezone definitions, modern and historical"
category = "main"
optional = false
python-versions = "*"

[[package]]
name = "six"
version = "1.16.0"
description = "Python 2 and 3 compatibility utilities"
category = "main"
optional = false
python-versions = ">=2.7, !=3.0.*, !=3.1.*, !=3.2.*"

[metadata]
lock-version = "1.1"
python-versions = "^3.9"
content-hash = "9c95fe97097dfe4e5ac4d9750c70661d899d493e71dc7e61021fdf8a8d10de7f"

[metadata.files]
numpy = [
    {file = "numpy-1.22.3-cp310-cp310-macosx_10_14_x86_64.whl", hash = "sha256:92bfa69cfbdf7dfc3040978ad09a48091143cffb778ec3b03fa170c494118d75"},
    {file = "numpy-1.22.3-cp310-cp310-macosx_11_0_arm64.whl", hash = "sha256:8251ed96f38b47b4295b1ae51631de7ffa8260b5b087808ef09a39a9d66c97ab"},
    {file = "numpy-1.22.3-cp310-cp310-manylinux_2_17_aarch64.manylinux2014_aarch64.whl", hash = "sha256:48a3aecd3b997bf452a2dedb11f4e79bc5bfd21a1d4cc760e703c31d57c84b3e"},
    {file = "numpy-1.22.3-cp310-cp310-manylinux_2_17_x86_64.manylinux2014_x86_64.whl", hash = "sha256:a3bae1a2ed00e90b3ba5f7bd0a7c7999b55d609e0c54ceb2b076a25e345fa9f4"},
    {file = "numpy-1.22.3-cp310-cp310-win32.whl", hash = "sha256:f950f8845b480cffe522913d35567e29dd381b0dc7e4ce6a4a9f9156417d2430"},
    {file = "numpy-1.22.3-cp310-cp310-win_amd64.whl", hash = "sha256:08d9b008d0156c70dc392bb3ab3abb6e7a711383c3247b410b39962263576cd4"},
    {file = "numpy-1.22.3-cp38-cp38-macosx_10_14_x86_64.whl", hash = "sha256:201b4d0552831f7250a08d3b38de0d989d6f6e4658b709a02a73c524ccc6ffce"},
    {file = "numpy-1.22.3-cp38-cp38-macosx_11_0_arm64.whl", hash = "sha256:f8c1f39caad2c896bc0018f699882b345b2a63708008be29b1f355ebf6f933fe"},
    {file = "numpy-1.22.3-cp38-cp38-manylinux_2_17_aarch64.manylinux2014_aarch64.whl", hash = "sha256:568dfd16224abddafb1cbcce2ff14f522abe037268514dd7e42c6776a1c3f8e5"},
    {file = "numpy-1.22.3-cp38-cp38-manylinux_2_17_x86_64.manylinux2014_x86_64.whl", hash = "sha256:3ca688e1b9b95d80250bca34b11a05e389b1420d00e87a0d12dc45f131f704a1"},
    {file = "numpy-1.22.3-cp38-cp38-win32.whl", hash = "sha256:e7927a589df200c5e23c57970bafbd0cd322459aa7b1ff73b7c2e84d6e3eae62"},
    {file = "numpy-1.22.3-cp38-cp38-win_amd64.whl", hash = "sha256:07a8c89a04997625236c5ecb7afe35a02af3896c8aa01890a849913a2309c676"},
    {file = "numpy-1.22.3-cp39-cp39-macosx_10_14_x86_64.whl", hash = "sha256:2c10a93606e0b4b95c9b04b77dc349b398fdfbda382d2a39ba5a822f669a0123"},
    {file = "numpy-1.22.3-cp39-cp39-macosx_11_0_arm64.whl", hash = "sha256:fade0d4f4d292b6f39951b6836d7a3c7ef5b2347f3c420cd9820a1d90d794802"},
    {file = "numpy-1.22.3-cp39-cp39-manylinux_2_17_aarch64.manylinux2014_aarch64.whl", hash = "sha256:5bfb1bb598e8229c2d5d48db1860bcf4311337864ea3efdbe1171fb0c5da515d"},
    {file = "numpy-1.22.3-cp39-cp39-manylinux_2_17_x86_64.manylinux2014_x86_64.whl", hash = "sha256:97098b95aa4e418529099c26558eeb8486e66bd1e53a6b606d684d0c3616b168"},
    {file = "numpy-1.22.3-cp39-cp39-win32.whl", hash = "sha256:fdf3c08bce27132395d3c3ba1503cac12e17282358cb4bddc25cc46b0aca07aa"},
    {file = "numpy-1.22.3-cp39-cp39-win_amd64.whl", hash = "sha256:639b54cdf6aa4f82fe37ebf70401bbb74b8508fddcf4797f9fe59615b8c5813a"},
    {file = "numpy-1.22.3-pp38-pypy38_pp73-manylinux_2_17_x86_64.manylinux2014_x86_64.whl", hash = "sha256:c34ea7e9d13a70bf2ab64a2532fe149a9aced424cd05a2c4ba662fd989e3e45f"},
    {file = "numpy-1.22.3.zip", hash = "sha256:dbc7601a3b7472d559dc7b933b18b4b66f9aa7452c120e87dfb33d02008c8a18"},
]
pandas = [
    {file = "pandas-1.4.2-cp310-cp310-macosx_10_9_universal2.whl", hash = "sha256:be67c782c4f1b1f24c2f16a157e12c2693fd510f8df18e3287c77f33d124ed07"},
    {file = "pandas-1.4.2-cp310-cp310-macosx_10_9_x86_64.whl", hash = "sha256:5a206afa84ed20e07603f50d22b5f0db3fb556486d8c2462d8bc364831a4b417"},
    {file = "pandas-1.4.2-cp310-cp310-macosx_11_0_arm64.whl", hash = "sha256:0010771bd9223f7afe5f051eb47c4a49534345dfa144f2f5470b27189a4dd3b5"},
    {file = "pandas-1.4.2-cp310-cp310-manylinux_2_17_aarch64.manylinux2014_aarch64.whl", hash = "sha256:3228198333dd13c90b6434ddf61aa6d57deaca98cf7b654f4ad68a2db84f8cfe"},
    {file = "pandas-1.4.2-cp310-cp310-manylinux_2_17_x86_64.manylinux2014_x86_64.whl", hash = "sha256:5b79af3a69e5175c6fa7b4e046b21a646c8b74e92c6581a9d825687d92071b51"},
    {file = "pandas-1.4.2-cp310-cp310-win_amd64.whl", hash = "sha256:5586cc95692564b441f4747c47c8a9746792e87b40a4680a2feb7794defb1ce3"},
    {file = "pandas-1.4.2-cp38-cp38-macosx_10_9_universal2.whl", hash = "sha256:061609334a8182ab500a90fe66d46f6f387de62d3a9cb9aa7e62e3146c712167"},
    {file = "pandas-1.4.2-cp38-cp38-macosx_10_9_x86_64.whl", hash = "sha256:b8134651258bce418cb79c71adeff0a44090c98d955f6953168ba16cc285d9f7"},
    {file = "pandas-1.4.2-cp38-cp38-macosx_11_0_arm64.whl", hash = "sha256:df82739e00bb6daf4bba4479a40f38c718b598a84654cbd8bb498fd6b0aa8c16"},
    {file = "pandas-1.4.2-cp38-cp38-manylinux_2_17_aarch64.manylinux2014_aarch64.whl", hash = "sha256:385c52e85aaa8ea6a4c600a9b2821181a51f8be0aee3af6f2dcb41dafc4fc1d0"},
    {file = "pandas-1.4.2-cp38-cp38-manylinux_2_17_x86_64.manylinux2014_x86_64.whl", hash = "sha256:295872bf1a09758aba199992c3ecde455f01caf32266d50abc1a073e828a7b9d"},
    {file = "pandas-1.4.2-cp38-cp38-win32.whl", hash = "sha256:95c1e422ced0199cf4a34385ff124b69412c4bc912011ce895582bee620dfcaa"},
    {file = "pandas-1.4.2-cp38-cp38-win_amd64.whl", hash = "sha256:5c54ea4ef3823108cd4ec7fb27ccba4c3a775e0f83e39c5e17f5094cb17748bc"},
    {file = "pandas-1.4.2-cp39-cp39-macosx_10_9_universal2.whl", hash = "sha256:c072c7f06b9242c855ed8021ff970c0e8f8b10b35e2640c657d2a541c5950f59"},
    {file = "pandas-1.4.2-cp39-cp39-macosx_10_9_x86_64.whl", hash = "sha256:f549097993744ff8c41b5e8f2f0d3cbfaabe89b4ae32c8c08ead6cc535b80139"},
    {file = "pandas-1.4.2-cp39-cp39-macosx_11_0_arm64.whl", hash = "sha256:ff08a14ef21d94cdf18eef7c569d66f2e24e0bc89350bcd7d243dd804e3b5eb2"},
    {file = "pandas-1.4.2-cp39-cp39-manylinux_2_17_aarch64.manylinux2014_aarch64.whl", hash = "sha256:8c5bf555b6b0075294b73965adaafb39cf71c312e38c5935c93d78f41c19828a"},
    {file = "pandas-1.4.2-cp39-cp39-manylinux_2_17_x86_64.manylinux2014_x86_64.whl", hash = "sha256:51649ef604a945f781105a6d2ecf88db7da0f4868ac5d45c51cb66081c4d9c73"},
    {file = "pandas-1.4.2-cp39-cp39-win32.whl", hash = "sha256:d0d4f13e4be7ce89d7057a786023c461dd9370040bdb5efa0a7fe76b556867a0"},
    {file = "pandas-1.4.2-cp39-cp39-win_amd64.whl", hash = "sha256:09d8be7dd9e1c4c98224c4dfe8abd60d145d934e9fc1f5f411266308ae683e6a"},
    {file = "pandas-1.4.2.tar.gz", hash = "sha256:92bc1fc585f1463ca827b45535957815b7deb218c549b7c18402c322c7549a12"},
]
py4j = [
    {file = "py4j-0.10.9.3-py2.py3-none-any.whl", hash = "sha256:04f5b06917c0c8a81ab34121dda09a2ba1f74e96d59203c821d5cb7d28c35363"},
    {file = "py4j-0.10.9.3.tar.gz", hash = "sha256:0d92844da4cb747155b9563c44fc322c9a1562b3ef0979ae692dbde732d784dd"},
]
pyarrow = [
    {file = "pyarrow-4.0.1-cp36-cp36m-macosx_10_13_x86_64.whl", hash = "sha256:5387db80c6a7b5598884bf4df3fc546b3373771ad614548b782e840b71704877"},
    {file = "pyarrow-4.0.1-cp36-cp36m-macosx_10_9_x86_64.whl", hash = "sha256:76b75a9cfc572e890a1e000fd532bdd2084ec3f1ee94ee51802a477913a21072"},
    {file = "pyarrow-4.0.1-cp36-cp36m-manylinux2010_x86_64.whl", hash = "sha256:423cd6a14810f4e40cb76e13d4240040fc1594d69fe1c4f2c70be00ad512ade5"},
    {file = "pyarrow-4.0.1-cp36-cp36m-manylinux2014_aarch64.whl", hash = "sha256:e1351576877764fb4d5690e4721ce902e987c85f4ab081c70a34e1d24646586e"},
    {file = "pyarrow-4.0.1-cp36-cp36m-manylinux2014_x86_64.whl", hash = "sha256:0fde9c7a3d5d37f3fe5d18c4ed015e8f585b68b26d72a10d7012cad61afe43ff"},
    {file = "pyarrow-4.0.1-cp36-cp36m-win_amd64.whl", hash = "sha256:afd4f7c0a225a326d2c0039cdc8631b5e8be30f78f6b7a3e5ce741cf5dd81c72"},
    {file = "pyarrow-4.0.1-cp37-cp37m-macosx_10_13_x86_64.whl", hash = "sha256:b05bdd513f045d43228247ef4d9269c88139788e2d566f4cb3e855e282ad0330"},
    {file = "pyarrow-4.0.1-cp37-cp37m-macosx_10_9_x86_64.whl", hash = "sha256:150db335143edd00d3ec669c7c8167d401c4aa0a290749351c80bbf146892b2e"},
    {file = "pyarrow-4.0.1-cp37-cp37m-manylinux2010_x86_64.whl", hash = "sha256:dcd20ee0240a88772eeb5691102c276f5cdec79527fb3a0679af7f93f93cb4bd"},
    {file = "pyarrow-4.0.1-cp37-cp37m-manylinux2014_aarch64.whl", hash = "sha256:24040a20208e9b16ba7b284624ebfe67e40f5c40b5dc8d874da322ac0053f9d3"},
    {file = "pyarrow-4.0.1-cp37-cp37m-manylinux2014_x86_64.whl", hash = "sha256:e44dfd7e61c9eb6dda59bc49ad69e77945f6d049185a517c130417e3ca0494d8"},
    {file = "pyarrow-4.0.1-cp37-cp37m-win_amd64.whl", hash = "sha256:ee3d87615876550fee9a523307dd4b00f0f44cf47a94a32a07793da307df31a0"},
    {file = "pyarrow-4.0.1-cp38-cp38-macosx_10_13_x86_64.whl", hash = "sha256:fa7b165cfa97158c1e6d15c68428317b4f4ae786d1dc2dbab43f1328c1eb43aa"},
    {file = "pyarrow-4.0.1-cp38-cp38-macosx_10_9_x86_64.whl", hash = "sha256:33c457728a1ce825b80aa8c8ed573709f1efe72003d45fa6fdbb444de9cc0b74"},
    {file = "pyarrow-4.0.1-cp38-cp38-manylinux2010_x86_64.whl", hash = "sha256:72cf3477538bd8504f14d6299a387cc335444f7a188f548096dfea9533551f02"},
    {file = "pyarrow-4.0.1-cp38-cp38-manylinux2014_aarch64.whl", hash = "sha256:a81adbfbe2f6528d4593b5a8962b2751838517401d14e9d4cab6787478802693"},
    {file = "pyarrow-4.0.1-cp38-cp38-manylinux2014_x86_64.whl", hash = "sha256:c2733c9bcd00074ce5497dd0a7b8a10c91d3395ddce322d7021c7fdc4ea6f610"},
    {file = "pyarrow-4.0.1-cp38-cp38-win_amd64.whl", hash = "sha256:d0f080b2d9720bec42624cb0df66f60ae66b84a2ccd1fe2c291322df915ac9db"},
    {file = "pyarrow-4.0.1-cp39-cp39-macosx_10_13_x86_64.whl", hash = "sha256:6b7bd8f5aa327cc32a1b9b02a76502851575f5edb110f93c59a45c70211a5618"},
    {file = "pyarrow-4.0.1-cp39-cp39-macosx_10_9_x86_64.whl", hash = "sha256:fe976695318560a97c6d31bba828eeca28c44c6f6401005e54ba476a28ac0a10"},
    {file = "pyarrow-4.0.1-cp39-cp39-manylinux2010_x86_64.whl", hash = "sha256:5f2660f59dfcfd34adac7c08dc7f615920de703f191066ed6277628975f06878"},
    {file = "pyarrow-4.0.1-cp39-cp39-manylinux2014_aarch64.whl", hash = "sha256:5a76ec44af838862b23fb5cfc48765bc7978f7b58a181c96ad92856280de548b"},
    {file = "pyarrow-4.0.1-cp39-cp39-manylinux2014_x86_64.whl", hash = "sha256:04be0f7cb9090bd029b5b53bed628548fef569e5d0b5c6cd7f6d0106dbbc782d"},
    {file = "pyarrow-4.0.1-cp39-cp39-win_amd64.whl", hash = "sha256:a968375c66e505f72b421f5864a37f51aad5da61b6396fa283f956e9f2b2b923"},
    {file = "pyarrow-4.0.1.tar.gz", hash = "sha256:11517f0b4f4acbab0c37c674b4d1aad3c3dfea0f6b1bb322e921555258101ab3"},
]
pyspark = [
    {file = "pyspark-3.2.1.tar.gz", hash = "sha256:0b81359262ec6e9ac78c353344e7de026027d140c6def949ff0d80ab70f89a54"},
]
python-dateutil = [
    {file = "python-dateutil-2.8.2.tar.gz", hash = "sha256:0123cacc1627ae19ddf3c27a5de5bd67ee4586fbdd6440d9748f8abb483d3e86"},
    {file = "python_dateutil-2.8.2-py2.py3-none-any.whl", hash = "sha256:961d03dc3453ebbc59dbdea9e4e11c5651520a876d0f4db161e8674aae935da9"},
]
pytz = [
    {file = "pytz-2022.1-py2.py3-none-any.whl", hash = "sha256:e68985985296d9a66a881eb3193b0906246245294a881e7c8afe623866ac6a5c"},
    {file = "pytz-2022.1.tar.gz", hash = "sha256:1e760e2fe6a8163bc0b3d9a19c4f84342afa0a2affebfaa84b01b978a02ecaa7"},
]
six = [
    {file = "six-1.16.0-py2.py3-none-any.whl", hash = "sha256:8abb2f1d86890a2dfb989f9a77cfcfd3e47c2a354b01111771326f8aa26e0254"},
    {file = "six-1.16.0.tar.gz", hash = "sha256:1e61c37477a1626458e36f7b1d82aa5c9b094fa4802892072e49de9c60c4c926"},
]
